
Microsoft Visual Studio Solution File, Format Version 12.00
# Visual Studio Version 16
VisualStudioVersion = 16.0.31515.178
MinimumVisualStudioVersion = 10.0.40219.1
Project("{888888A0-9F3D-457C-B088-3A5042F75D52}") = "CIS261ProjectPhase2", "CIS261ProjectPhase2.pyproj", "{1555D9CF-C56C-425C-BE81-D4DCFC31CAFA}"
EndProject
Global
	GlobalSection(SolutionConfigurationPlatforms) = preSolution
		Debug|Any CPU = Debug|Any CPU
		Release|Any CPU = Release|Any CPU
	EndGlobalSection
	GlobalSection(ProjectConfigurationPlatforms) = postSolution
		{1555D9CF-C56C-425C-BE81-D4DCFC31CAFA}.Debug|Any CPU.ActiveCfg = Debug|Any CPU
		{1555D9CF-C56C-425C-BE81-D4DCFC31CAFA}.Release|Any CPU.ActiveCfg = Release|Any CPU
	EndGlobalSection
	GlobalSection(SolutionProperties) = preSolution
		HideSolutionNode = FALSE
	EndGlobalSection
	GlobalSection(ExtensibilityGlobals) = postSolution
		SolutionGuid = {2EC05580-A150-4CD8-8CF2-678195D3A02E}
	EndGlobalSection
EndGlobal
